PODS:
  - DateTools (1.7.0)
  - MGSwipeTableCell (1.5.6)

DEPENDENCIES:
  - DateTools
  - MGSwipeTableCell

SPEC CHECKSUMS:
  DateTools: 53288ee8b905fdc75897a1e6b5cc0144b14cba60
  MGSwipeTableCell: 616700eb0ffd1c611ba909066cb7fd739790a0a7

PODFILE CHECKSUM: 98c64ce71d9632bfda55231aca30dc64bacfad06

COCOAPODS: 1.2.0
